
Microsoft Visual Studio Solution File, Format Version 12.00
# Visual Studio Version 17
VisualStudioVersion = 17.5.002.0
MinimumVisualStudioVersion = 10.0.40219.1
Project("{9A19103F-16F7-4668-BE54-9A1E7A4F7556}") = "01-string-methods-homework", "01-string-methods-homework\01-string-methods-homework.csproj", "{0E2D37C2-74A4-4DF6-856F-3C6335063C34}"
EndProject
Project("{9A19103F-16F7-4668-BE54-9A1E7A4F7556}") = "02-number-methods-homework", "02-number-methods-homework\02-number-methods-homework.csproj", "{9A10BC58-63EA-45F4-904A-4BB743565ACE}"
EndProject
Project("{9A19103F-16F7-4668-BE54-9A1E7A4F7556}") = "03-datetime-methods-homework", "03-datetime-methods-homework\03-datetime-methods-homework.csproj", "{CAFC9208-7752-4C98-985D-5E4918EFFE62}"
EndProject
Project("{9A19103F-16F7-4668-BE54-9A1E7A4F7556}") = "04-if-else-homework", "04-if-else-homework\04-if-else-homework.csproj", "{C1DB4A03-24AA-44CC-A849-DC9C6EF9A301}"
EndProject
Project("{9A19103F-16F7-4668-BE54-9A1E7A4F7556}") = "05-if-else-homework", "05-if-else-homework\05-if-else-homework.csproj", "{14F1CD75-4F2D-43CE-A8AD-55C97E60ED42}"
EndProject
Project("{9A19103F-16F7-4668-BE54-9A1E7A4F7556}") = "06-for-homework", "06-for-homework\06-for-homework.csproj", "{2F519AA6-9A65-4E32-BFC9-88102016FC28}"
EndProject
Project("{9A19103F-16F7-4668-BE54-9A1E7A4F7556}") = "07-switch-homework", "07-switch-homework\07-switch-homework.csproj", "{CFE89AB7-3AB0-40B7-90BF-41F0FAA17475}"
EndProject
Project("{2150E333-8FDC-42A3-9474-1A3956D46DE8}") = "01-string-methods-homework (1)", "01-string-methods-homework", "{73E94E56-E3CD-4262-8294-8EFBFB185C00}"
EndProject
Project("{9A19103F-16F7-4668-BE54-9A1E7A4F7556}") = "soru1", "01-string-methods-homework\soru1\soru1.csproj", "{1B485246-D84E-472F-8FCD-3EFD430EC512}"
EndProject
Project("{9A19103F-16F7-4668-BE54-9A1E7A4F7556}") = "soru2", "01-string-methods-homework\soru2\soru2.csproj", "{B4A5E89A-7E79-44CD-AF37-2EE53B43DF11}"
EndProject
Project("{9A19103F-16F7-4668-BE54-9A1E7A4F7556}") = "soru3", "01-string-methods-homework\soru3\soru3.csproj", "{F8784D02-46B7-42B1-9F2B-95C0208EC705}"
EndProject
Project("{9A19103F-16F7-4668-BE54-9A1E7A4F7556}") = "soru4", "01-string-methods-homework\soru4\soru4.csproj", "{8619670A-3B2A-4796-A60D-20CA0848F58C}"
EndProject
Project("{2150E333-8FDC-42A3-9474-1A3956D46DE8}") = "02-number-methods-homework (1)", "02-number-methods-homework", "{BFA4B406-2319-42D5-AE5D-C7B7E22E2E1E}"
EndProject
Project("{9A19103F-16F7-4668-BE54-9A1E7A4F7556}") = "soru1", "02-number-methods-homework\soru1\soru1.csproj", "{3BB1AA65-5E3C-473E-B13D-F8F76353E681}"
EndProject
Project("{9A19103F-16F7-4668-BE54-9A1E7A4F7556}") = "soru10", "02-number-methods-homework\soru10\soru10.csproj", "{9DFC9396-2F33-4D33-86FB-6FA5066F87B6}"
EndProject
Project("{9A19103F-16F7-4668-BE54-9A1E7A4F7556}") = "soru2", "02-number-methods-homework\soru2\soru2.csproj", "{082A1D31-F23B-4BA0-BF40-30457DC10F7D}"
EndProject
Project("{9A19103F-16F7-4668-BE54-9A1E7A4F7556}") = "soru3", "02-number-methods-homework\soru3\soru3.csproj", "{46EC2855-C417-459D-A7F8-2D4362B026FE}"
EndProject
Project("{9A19103F-16F7-4668-BE54-9A1E7A4F7556}") = "soru4", "02-number-methods-homework\soru4\soru4.csproj", "{7C91D3F1-C9AB-468D-8622-589BD019B5BD}"
EndProject
Project("{9A19103F-16F7-4668-BE54-9A1E7A4F7556}") = "soru5", "02-number-methods-homework\soru5\soru5.csproj", "{CE8D43D3-EA88-4F12-8015-E6C403A21C21}"
EndProject
Project("{9A19103F-16F7-4668-BE54-9A1E7A4F7556}") = "soru6", "02-number-methods-homework\soru6\soru6.csproj", "{129F3E93-776A-49DD-8B74-326339692FC1}"
EndProject
Project("{9A19103F-16F7-4668-BE54-9A1E7A4F7556}") = "soru7", "02-number-methods-homework\soru7\soru7.csproj", "{81BE155C-8136-4874-8818-B52F1348FA92}"
EndProject
Project("{9A19103F-16F7-4668-BE54-9A1E7A4F7556}") = "soru8", "02-number-methods-homework\soru8\soru8.csproj", "{DD48F80E-045B-446A-A2E3-9FAF20F7FBEB}"
EndProject
Project("{9A19103F-16F7-4668-BE54-9A1E7A4F7556}") = "soru9", "02-number-methods-homework\soru9\soru9.csproj", "{55192322-2A76-4B37-8AD2-A404122497ED}"
EndProject
Project("{2150E333-8FDC-42A3-9474-1A3956D46DE8}") = "03-datetime-methods-homework (1)", "03-datetime-methods-homework", "{765D76FD-19F6-4820-A824-E3BF8C6C3E94}"
EndProject
Project("{9A19103F-16F7-4668-BE54-9A1E7A4F7556}") = "soru1", "03-datetime-methods-homework\soru1\soru1.csproj", "{28E53FC6-1520-40FA-85F2-E59429CDCBDE}"
EndProject
Project("{9A19103F-16F7-4668-BE54-9A1E7A4F7556}") = "soru10", "03-datetime-methods-homework\soru10\soru10.csproj", "{8C5920B5-B14F-416D-BBB8-7C1E8945DFB6}"
EndProject
Project("{9A19103F-16F7-4668-BE54-9A1E7A4F7556}") = "soru2", "03-datetime-methods-homework\soru2\soru2.csproj", "{BC2D5869-C6BF-46E4-8844-AC7686F3F8CC}"
EndProject
Project("{9A19103F-16F7-4668-BE54-9A1E7A4F7556}") = "soru3", "03-datetime-methods-homework\soru3\soru3.csproj", "{370BDB74-2DC1-483F-AAFE-877324411CF2}"
EndProject
Project("{9A19103F-16F7-4668-BE54-9A1E7A4F7556}") = "soru4", "03-datetime-methods-homework\soru4\soru4.csproj", "{0306CDDE-58A9-494A-9B86-6818791514BE}"
EndProject
Project("{9A19103F-16F7-4668-BE54-9A1E7A4F7556}") = "soru5", "03-datetime-methods-homework\soru5\soru5.csproj", "{AC80A881-7F69-4C28-8BC9-53B4B1EB933B}"
EndProject
Project("{9A19103F-16F7-4668-BE54-9A1E7A4F7556}") = "soru6", "03-datetime-methods-homework\soru6\soru6.csproj", "{C43957BF-A3A1-426F-9B1C-D2DA3502F35C}"
EndProject
Project("{9A19103F-16F7-4668-BE54-9A1E7A4F7556}") = "soru7", "03-datetime-methods-homework\soru7\soru7.csproj", "{1D8BDB76-4D12-414E-8328-442960EDA9A5}"
EndProject
Project("{9A19103F-16F7-4668-BE54-9A1E7A4F7556}") = "soru8", "03-datetime-methods-homework\soru8\soru8.csproj", "{11B527C7-094C-4867-B401-E2F0278349DC}"
EndProject
Project("{9A19103F-16F7-4668-BE54-9A1E7A4F7556}") = "soru9", "03-datetime-methods-homework\soru9\soru9.csproj", "{91262A75-D91E-4A8B-8231-F3D4BD309A87}"
EndProject
Project("{2150E333-8FDC-42A3-9474-1A3956D46DE8}") = "04-if-else-homework (1)", "04-if-else-homework", "{55DD5030-C5CC-439E-B10B-AF3B262ADE53}"
EndProject
Project("{9A19103F-16F7-4668-BE54-9A1E7A4F7556}") = "soru1", "04-if-else-homework\soru1\soru1.csproj", "{C7C0846A-0D7F-486E-8D15-D015AFE2AD30}"
EndProject
Project("{9A19103F-16F7-4668-BE54-9A1E7A4F7556}") = "soru10", "04-if-else-homework\soru10\soru10.csproj", "{FB77BCDC-B3A1-4309-A019-F3648388023A}"
EndProject
Project("{9A19103F-16F7-4668-BE54-9A1E7A4F7556}") = "soru2", "04-if-else-homework\soru2\soru2.csproj", "{72511AEB-C578-4331-A169-9281C9D58FEA}"
EndProject
Project("{9A19103F-16F7-4668-BE54-9A1E7A4F7556}") = "soru3", "04-if-else-homework\soru3\soru3.csproj", "{1769AA04-09A1-4678-9327-82819D05E09D}"
EndProject
Project("{9A19103F-16F7-4668-BE54-9A1E7A4F7556}") = "soru4", "04-if-else-homework\soru4\soru4.csproj", "{194EBFC0-E270-416E-99B5-68FCDC00302D}"
EndProject
Project("{9A19103F-16F7-4668-BE54-9A1E7A4F7556}") = "soru5", "04-if-else-homework\soru5\soru5.csproj", "{4D551671-2B6B-4C19-A20D-F20637D2940E}"
EndProject
Project("{9A19103F-16F7-4668-BE54-9A1E7A4F7556}") = "soru6", "04-if-else-homework\soru6\soru6.csproj", "{43821371-D2CA-484E-BC45-9F8ACD91AECE}"
EndProject
Project("{9A19103F-16F7-4668-BE54-9A1E7A4F7556}") = "soru7", "04-if-else-homework\soru7\soru7.csproj", "{9D35E4C7-F4F0-4E18-A4BC-5613785EFCC9}"
EndProject
Project("{9A19103F-16F7-4668-BE54-9A1E7A4F7556}") = "soru8", "04-if-else-homework\soru8\soru8.csproj", "{8391B180-B475-4A13-AF73-94DB34B383C5}"
EndProject
Project("{9A19103F-16F7-4668-BE54-9A1E7A4F7556}") = "soru9", "04-if-else-homework\soru9\soru9.csproj", "{1B909803-4F0A-478A-83ED-2E4D67A94EDC}"
EndProject
Project("{2150E333-8FDC-42A3-9474-1A3956D46DE8}") = "05-if-else-homework (1)", "05-if-else-homework", "{4936393E-FB79-48D8-BE76-524E8DDFD63F}"
EndProject
Project("{9A19103F-16F7-4668-BE54-9A1E7A4F7556}") = "soru1", "05-if-else-homework\soru1\soru1.csproj", "{A1F07FF1-0875-40D0-A0C0-C4631EC77EAC}"
EndProject
Project("{9A19103F-16F7-4668-BE54-9A1E7A4F7556}") = "soru2", "05-if-else-homework\soru2\soru2.csproj", "{C5779EFE-F857-439A-8C21-5E24579D85E4}"
EndProject
Project("{9A19103F-16F7-4668-BE54-9A1E7A4F7556}") = "soru3", "05-if-else-homework\soru3\soru3.csproj", "{51012CDA-6E62-4994-A9AA-3E3D86CA4891}"
EndProject
Project("{9A19103F-16F7-4668-BE54-9A1E7A4F7556}") = "soru4", "05-if-else-homework\soru4\soru4.csproj", "{46D15AAD-0F87-4885-8A8F-B810DC61005F}"
EndProject
Project("{9A19103F-16F7-4668-BE54-9A1E7A4F7556}") = "soru5", "05-if-else-homework\soru5\soru5.csproj", "{8019F669-CD11-4B47-BF55-103CCD306578}"
EndProject
Project("{9A19103F-16F7-4668-BE54-9A1E7A4F7556}") = "soru6", "05-if-else-homework\soru6\soru6.csproj", "{AF65F6FC-012B-4358-857C-53A4DC6CCC39}"
EndProject
Project("{9A19103F-16F7-4668-BE54-9A1E7A4F7556}") = "soru7", "05-if-else-homework\soru7\soru7.csproj", "{011BCC65-EEF1-453F-B12C-3864D8B63CEB}"
EndProject
Project("{9A19103F-16F7-4668-BE54-9A1E7A4F7556}") = "soru8", "05-if-else-homework\soru8\soru8.csproj", "{9028CF04-BFBD-45F9-B857-46CCD7C8367B}"
EndProject
Project("{9A19103F-16F7-4668-BE54-9A1E7A4F7556}") = "soru9", "05-if-else-homework\soru9\soru9.csproj", "{A5627D79-8EDC-48E5-B532-2EE8C665460A}"
EndProject
Project("{2150E333-8FDC-42A3-9474-1A3956D46DE8}") = "06-for-homework (1)", "06-for-homework", "{F4DCE452-C3FD-49E3-85F0-77942CE8798C}"
EndProject
Project("{9A19103F-16F7-4668-BE54-9A1E7A4F7556}") = "soru1", "06-for-homework\soru1\soru1.csproj", "{FC19CB55-9F6C-4B7A-A4D3-9A2DB0045254}"
EndProject
Project("{9A19103F-16F7-4668-BE54-9A1E7A4F7556}") = "soru2", "06-for-homework\soru2\soru2.csproj", "{4F8A0451-D4F1-4D6A-92F8-9300EC177E82}"
EndProject
Project("{9A19103F-16F7-4668-BE54-9A1E7A4F7556}") = "soru3", "06-for-homework\soru3\soru3.csproj", "{9F88CD47-CD33-471B-B766-6BEC82758452}"
EndProject
Project("{9A19103F-16F7-4668-BE54-9A1E7A4F7556}") = "soru4", "06-for-homework\soru4\soru4.csproj", "{0837E3C1-6E56-4BBB-8FF7-B4BE2BD8AA9D}"
EndProject
Project("{9A19103F-16F7-4668-BE54-9A1E7A4F7556}") = "soru5", "06-for-homework\soru5\soru5.csproj", "{4F968B85-3C7E-4D30-865A-6A1A754D4F2C}"
EndProject
Project("{9A19103F-16F7-4668-BE54-9A1E7A4F7556}") = "soru6", "06-for-homework\soru6\soru6.csproj", "{AB654501-C991-48EE-BA0E-A099F565C921}"
EndProject
Project("{9A19103F-16F7-4668-BE54-9A1E7A4F7556}") = "soru7", "06-for-homework\soru7\soru7.csproj", "{EEAD24AE-8C6F-4D43-B368-E6E3104921FD}"
EndProject
Project("{9A19103F-16F7-4668-BE54-9A1E7A4F7556}") = "soru8", "06-for-homework\soru8\soru8.csproj", "{372FC253-6EC2-42B3-9677-BEB2CE486552}"
EndProject
Project("{2150E333-8FDC-42A3-9474-1A3956D46DE8}") = "07-switch-homework (1)", "07-switch-homework", "{B3EEFFCB-4DCB-414A-AB65-3C20D20078C3}"
EndProject
Project("{9A19103F-16F7-4668-BE54-9A1E7A4F7556}") = "soru1", "07-switch-homework\soru1\soru1.csproj", "{28ECDF92-041D-42FE-8FD4-4E7AE1BCB6E3}"
EndProject
Project("{9A19103F-16F7-4668-BE54-9A1E7A4F7556}") = "soru10", "07-switch-homework\soru10\soru10.csproj", "{7C5EA4A8-0410-4D27-AA44-1EC9703347DE}"
EndProject
Project("{9A19103F-16F7-4668-BE54-9A1E7A4F7556}") = "soru2", "07-switch-homework\soru2\soru2.csproj", "{57547623-E7F5-4DFE-A9C4-30383FC3A2CD}"
EndProject
Project("{9A19103F-16F7-4668-BE54-9A1E7A4F7556}") = "soru3", "07-switch-homework\soru3\soru3.csproj", "{869D6A60-8CA8-41A9-A16D-56294080AE1D}"
EndProject
Project("{9A19103F-16F7-4668-BE54-9A1E7A4F7556}") = "soru4", "07-switch-homework\soru4\soru4.csproj", "{EB923259-DE6B-40F6-A898-CCE10424651D}"
EndProject
Project("{9A19103F-16F7-4668-BE54-9A1E7A4F7556}") = "soru5", "07-switch-homework\soru5\soru5.csproj", "{55F69D56-1532-42F8-9696-BDD2E06960D4}"
EndProject
Project("{9A19103F-16F7-4668-BE54-9A1E7A4F7556}") = "soru6", "07-switch-homework\soru6\soru6.csproj", "{9CE8AA5E-B38C-4BA4-8142-01227F4F4146}"
EndProject
Project("{9A19103F-16F7-4668-BE54-9A1E7A4F7556}") = "soru7", "07-switch-homework\soru7\soru7.csproj", "{96A577EE-3600-4097-82A9-F7A268599CE3}"
EndProject
Project("{9A19103F-16F7-4668-BE54-9A1E7A4F7556}") = "soru8", "07-switch-homework\soru8\soru8.csproj", "{FD61C502-1F3B-44B8-8C6B-B4BCB6E5E11D}"
EndProject
Project("{9A19103F-16F7-4668-BE54-9A1E7A4F7556}") = "soru9", "07-switch-homework\soru9\soru9.csproj", "{F1FB7022-CA89-47CE-8912-EBA010EEED61}"
EndProject
Global
	GlobalSection(SolutionConfigurationPlatforms) = preSolution
		Debug|Any CPU = Debug|Any CPU
		Release|Any CPU = Release|Any CPU
	EndGlobalSection
	GlobalSection(ProjectConfigurationPlatforms) = postSolution
		{0E2D37C2-74A4-4DF6-856F-3C6335063C34}.Debug|Any CPU.ActiveCfg = Debug|Any CPU
		{0E2D37C2-74A4-4DF6-856F-3C6335063C34}.Debug|Any CPU.Build.0 = Debug|Any CPU
		{0E2D37C2-74A4-4DF6-856F-3C6335063C34}.Release|Any CPU.ActiveCfg = Release|Any CPU
		{0E2D37C2-74A4-4DF6-856F-3C6335063C34}.Release|Any CPU.Build.0 = Release|Any CPU
		{9A10BC58-63EA-45F4-904A-4BB743565ACE}.Debug|Any CPU.ActiveCfg = Debug|Any CPU
		{9A10BC58-63EA-45F4-904A-4BB743565ACE}.Debug|Any CPU.Build.0 = Debug|Any CPU
		{9A10BC58-63EA-45F4-904A-4BB743565ACE}.Release|Any CPU.ActiveCfg = Release|Any CPU
		{9A10BC58-63EA-45F4-904A-4BB743565ACE}.Release|Any CPU.Build.0 = Release|Any CPU
		{CAFC9208-7752-4C98-985D-5E4918EFFE62}.Debug|Any CPU.ActiveCfg = Debug|Any CPU
		{CAFC9208-7752-4C98-985D-5E4918EFFE62}.Debug|Any CPU.Build.0 = Debug|Any CPU
		{CAFC9208-7752-4C98-985D-5E4918EFFE62}.Release|Any CPU.ActiveCfg = Release|Any CPU
		{CAFC9208-7752-4C98-985D-5E4918EFFE62}.Release|Any CPU.Build.0 = Release|Any CPU
		{C1DB4A03-24AA-44CC-A849-DC9C6EF9A301}.Debug|Any CPU.ActiveCfg = Debug|Any CPU
		{C1DB4A03-24AA-44CC-A849-DC9C6EF9A301}.Debug|Any CPU.Build.0 = Debug|Any CPU
		{C1DB4A03-24AA-44CC-A849-DC9C6EF9A301}.Release|Any CPU.ActiveCfg = Release|Any CPU
		{C1DB4A03-24AA-44CC-A849-DC9C6EF9A301}.Release|Any CPU.Build.0 = Release|Any CPU
		{14F1CD75-4F2D-43CE-A8AD-55C97E60ED42}.Debug|Any CPU.ActiveCfg = Debug|Any CPU
		{14F1CD75-4F2D-43CE-A8AD-55C97E60ED42}.Debug|Any CPU.Build.0 = Debug|Any CPU
		{14F1CD75-4F2D-43CE-A8AD-55C97E60ED42}.Release|Any CPU.ActiveCfg = Release|Any CPU
		{14F1CD75-4F2D-43CE-A8AD-55C97E60ED42}.Release|Any CPU.Build.0 = Release|Any CPU
		{2F519AA6-9A65-4E32-BFC9-88102016FC28}.Debug|Any CPU.ActiveCfg = Debug|Any CPU
		{2F519AA6-9A65-4E32-BFC9-88102016FC28}.Debug|Any CPU.Build.0 = Debug|Any CPU
		{2F519AA6-9A65-4E32-BFC9-88102016FC28}.Release|Any CPU.ActiveCfg = Release|Any CPU
		{2F519AA6-9A65-4E32-BFC9-88102016FC28}.Release|Any CPU.Build.0 = Release|Any CPU
		{CFE89AB7-3AB0-40B7-90BF-41F0FAA17475}.Debug|Any CPU.ActiveCfg = Debug|Any CPU
		{CFE89AB7-3AB0-40B7-90BF-41F0FAA17475}.Debug|Any CPU.Build.0 = Debug|Any CPU
		{CFE89AB7-3AB0-40B7-90BF-41F0FAA17475}.Release|Any CPU.ActiveCfg = Release|Any CPU
		{CFE89AB7-3AB0-40B7-90BF-41F0FAA17475}.Release|Any CPU.Build.0 = Release|Any CPU
		{1B485246-D84E-472F-8FCD-3EFD430EC512}.Debug|Any CPU.ActiveCfg = Debug|Any CPU
		{1B485246-D84E-472F-8FCD-3EFD430EC512}.Debug|Any CPU.Build.0 = Debug|Any CPU
		{1B485246-D84E-472F-8FCD-3EFD430EC512}.Release|Any CPU.ActiveCfg = Release|Any CPU
		{1B485246-D84E-472F-8FCD-3EFD430EC512}.Release|Any CPU.Build.0 = Release|Any CPU
		{B4A5E89A-7E79-44CD-AF37-2EE53B43DF11}.Debug|Any CPU.ActiveCfg = Debug|Any CPU
		{B4A5E89A-7E79-44CD-AF37-2EE53B43DF11}.Debug|Any CPU.Build.0 = Debug|Any CPU
		{B4A5E89A-7E79-44CD-AF37-2EE53B43DF11}.Release|Any CPU.ActiveCfg = Release|Any CPU
		{B4A5E89A-7E79-44CD-AF37-2EE53B43DF11}.Release|Any CPU.Build.0 = Release|Any CPU
		{F8784D02-46B7-42B1-9F2B-95C0208EC705}.Debug|Any CPU.ActiveCfg = Debug|Any CPU
		{F8784D02-46B7-42B1-9F2B-95C0208EC705}.Debug|Any CPU.Build.0 = Debug|Any CPU
		{F8784D02-46B7-42B1-9F2B-95C0208EC705}.Release|Any CPU.ActiveCfg = Release|Any CPU
		{F8784D02-46B7-42B1-9F2B-95C0208EC705}.Release|Any CPU.Build.0 = Release|Any CPU
		{8619670A-3B2A-4796-A60D-20CA0848F58C}.Debug|Any CPU.ActiveCfg = Debug|Any CPU
		{8619670A-3B2A-4796-A60D-20CA0848F58C}.Debug|Any CPU.Build.0 = Debug|Any CPU
		{8619670A-3B2A-4796-A60D-20CA0848F58C}.Release|Any CPU.ActiveCfg = Release|Any CPU
		{8619670A-3B2A-4796-A60D-20CA0848F58C}.Release|Any CPU.Build.0 = Release|Any CPU
		{3BB1AA65-5E3C-473E-B13D-F8F76353E681}.Debug|Any CPU.ActiveCfg = Debug|Any CPU
		{3BB1AA65-5E3C-473E-B13D-F8F76353E681}.Debug|Any CPU.Build.0 = Debug|Any CPU
		{3BB1AA65-5E3C-473E-B13D-F8F76353E681}.Release|Any CPU.ActiveCfg = Release|Any CPU
		{3BB1AA65-5E3C-473E-B13D-F8F76353E681}.Release|Any CPU.Build.0 = Release|Any CPU
		{9DFC9396-2F33-4D33-86FB-6FA5066F87B6}.Debug|Any CPU.ActiveCfg = Debug|Any CPU
		{9DFC9396-2F33-4D33-86FB-6FA5066F87B6}.Debug|Any CPU.Build.0 = Debug|Any CPU
		{9DFC9396-2F33-4D33-86FB-6FA5066F87B6}.Release|Any CPU.ActiveCfg = Release|Any CPU
		{9DFC9396-2F33-4D33-86FB-6FA5066F87B6}.Release|Any CPU.Build.0 = Release|Any CPU
		{082A1D31-F23B-4BA0-BF40-30457DC10F7D}.Debug|Any CPU.ActiveCfg = Debug|Any CPU
		{082A1D31-F23B-4BA0-BF40-30457DC10F7D}.Debug|Any CPU.Build.0 = Debug|Any CPU
		{082A1D31-F23B-4BA0-BF40-30457DC10F7D}.Release|Any CPU.ActiveCfg = Release|Any CPU
		{082A1D31-F23B-4BA0-BF40-30457DC10F7D}.Release|Any CPU.Build.0 = Release|Any CPU
		{46EC2855-C417-459D-A7F8-2D4362B026FE}.Debug|Any CPU.ActiveCfg = Debug|Any CPU
		{46EC2855-C417-459D-A7F8-2D4362B026FE}.Debug|Any CPU.Build.0 = Debug|Any CPU
		{46EC2855-C417-459D-A7F8-2D4362B026FE}.Release|Any CPU.ActiveCfg = Release|Any CPU
		{46EC2855-C417-459D-A7F8-2D4362B026FE}.Release|Any CPU.Build.0 = Release|Any CPU
		{7C91D3F1-C9AB-468D-8622-589BD019B5BD}.Debug|Any CPU.ActiveCfg = Debug|Any CPU
		{7C91D3F1-C9AB-468D-8622-589BD019B5BD}.Debug|Any CPU.Build.0 = Debug|Any CPU
		{7C91D3F1-C9AB-468D-8622-589BD019B5BD}.Release|Any CPU.ActiveCfg = Release|Any CPU
		{7C91D3F1-C9AB-468D-8622-589BD019B5BD}.Release|Any CPU.Build.0 = Release|Any CPU
		{CE8D43D3-EA88-4F12-8015-E6C403A21C21}.Debug|Any CPU.ActiveCfg = Debug|Any CPU
		{CE8D43D3-EA88-4F12-8015-E6C403A21C21}.Debug|Any CPU.Build.0 = Debug|Any CPU
		{CE8D43D3-EA88-4F12-8015-E6C403A21C21}.Release|Any CPU.ActiveCfg = Release|Any CPU
		{CE8D43D3-EA88-4F12-8015-E6C403A21C21}.Release|Any CPU.Build.0 = Release|Any CPU
		{129F3E93-776A-49DD-8B74-326339692FC1}.Debug|Any CPU.ActiveCfg = Debug|Any CPU
		{129F3E93-776A-49DD-8B74-326339692FC1}.Debug|Any CPU.Build.0 = Debug|Any CPU
		{129F3E93-776A-49DD-8B74-326339692FC1}.Release|Any CPU.ActiveCfg = Release|Any CPU
		{129F3E93-776A-49DD-8B74-326339692FC1}.Release|Any CPU.Build.0 = Release|Any CPU
		{81BE155C-8136-4874-8818-B52F1348FA92}.Debug|Any CPU.ActiveCfg = Debug|Any CPU
		{81BE155C-8136-4874-8818-B52F1348FA92}.Debug|Any CPU.Build.0 = Debug|Any CPU
		{81BE155C-8136-4874-8818-B52F1348FA92}.Release|Any CPU.ActiveCfg = Release|Any CPU
		{81BE155C-8136-4874-8818-B52F1348FA92}.Release|Any CPU.Build.0 = Release|Any CPU
		{DD48F80E-045B-446A-A2E3-9FAF20F7FBEB}.Debug|Any CPU.ActiveCfg = Debug|Any CPU
		{DD48F80E-045B-446A-A2E3-9FAF20F7FBEB}.Debug|Any CPU.Build.0 = Debug|Any CPU
		{DD48F80E-045B-446A-A2E3-9FAF20F7FBEB}.Release|Any CPU.ActiveCfg = Release|Any CPU
		{DD48F80E-045B-446A-A2E3-9FAF20F7FBEB}.Release|Any CPU.Build.0 = Release|Any CPU
		{55192322-2A76-4B37-8AD2-A404122497ED}.Debug|Any CPU.ActiveCfg = Debug|Any CPU
		{55192322-2A76-4B37-8AD2-A404122497ED}.Debug|Any CPU.Build.0 = Debug|Any CPU
		{55192322-2A76-4B37-8AD2-A404122497ED}.Release|Any CPU.ActiveCfg = Release|Any CPU
		{55192322-2A76-4B37-8AD2-A404122497ED}.Release|Any CPU.Build.0 = Release|Any CPU
		{28E53FC6-1520-40FA-85F2-E59429CDCBDE}.Debug|Any CPU.ActiveCfg = Debug|Any CPU
		{28E53FC6-1520-40FA-85F2-E59429CDCBDE}.Debug|Any CPU.Build.0 = Debug|Any CPU
		{28E53FC6-1520-40FA-85F2-E59429CDCBDE}.Release|Any CPU.ActiveCfg = Release|Any CPU
		{28E53FC6-1520-40FA-85F2-E59429CDCBDE}.Release|Any CPU.Build.0 = Release|Any CPU
		{8C5920B5-B14F-416D-BBB8-7C1E8945DFB6}.Debug|Any CPU.ActiveCfg = Debug|Any CPU
		{8C5920B5-B14F-416D-BBB8-7C1E8945DFB6}.Debug|Any CPU.Build.0 = Debug|Any CPU
		{8C5920B5-B14F-416D-BBB8-7C1E8945DFB6}.Release|Any CPU.ActiveCfg = Release|Any CPU
		{8C5920B5-B14F-416D-BBB8-7C1E8945DFB6}.Release|Any CPU.Build.0 = Release|Any CPU
		{BC2D5869-C6BF-46E4-8844-AC7686F3F8CC}.Debug|Any CPU.ActiveCfg = Debug|Any CPU
		{BC2D5869-C6BF-46E4-8844-AC7686F3F8CC}.Debug|Any CPU.Build.0 = Debug|Any CPU
		{BC2D5869-C6BF-46E4-8844-AC7686F3F8CC}.Release|Any CPU.ActiveCfg = Release|Any CPU
		{BC2D5869-C6BF-46E4-8844-AC7686F3F8CC}.Release|Any CPU.Build.0 = Release|Any CPU
		{370BDB74-2DC1-483F-AAFE-877324411CF2}.Debug|Any CPU.ActiveCfg = Debug|Any CPU
		{370BDB74-2DC1-483F-AAFE-877324411CF2}.Debug|Any CPU.Build.0 = Debug|Any CPU
		{370BDB74-2DC1-483F-AAFE-877324411CF2}.Release|Any CPU.ActiveCfg = Release|Any CPU
		{370BDB74-2DC1-483F-AAFE-877324411CF2}.Release|Any CPU.Build.0 = Release|Any CPU
		{0306CDDE-58A9-494A-9B86-6818791514BE}.Debug|Any CPU.ActiveCfg = Debug|Any CPU
		{0306CDDE-58A9-494A-9B86-6818791514BE}.Debug|Any CPU.Build.0 = Debug|Any CPU
		{0306CDDE-58A9-494A-9B86-6818791514BE}.Release|Any CPU.ActiveCfg = Release|Any CPU
		{0306CDDE-58A9-494A-9B86-6818791514BE}.Release|Any CPU.Build.0 = Release|Any CPU
		{AC80A881-7F69-4C28-8BC9-53B4B1EB933B}.Debug|Any CPU.ActiveCfg = Debug|Any CPU
		{AC80A881-7F69-4C28-8BC9-53B4B1EB933B}.Debug|Any CPU.Build.0 = Debug|Any CPU
		{AC80A881-7F69-4C28-8BC9-53B4B1EB933B}.Release|Any CPU.ActiveCfg = Release|Any CPU
		{AC80A881-7F69-4C28-8BC9-53B4B1EB933B}.Release|Any CPU.Build.0 = Release|Any CPU
		{C43957BF-A3A1-426F-9B1C-D2DA3502F35C}.Debug|Any CPU.ActiveCfg = Debug|Any CPU
		{C43957BF-A3A1-426F-9B1C-D2DA3502F35C}.Debug|Any CPU.Build.0 = Debug|Any CPU
		{C43957BF-A3A1-426F-9B1C-D2DA3502F35C}.Release|Any CPU.ActiveCfg = Release|Any CPU
		{C43957BF-A3A1-426F-9B1C-D2DA3502F35C}.Release|Any CPU.Build.0 = Release|Any CPU
		{1D8BDB76-4D12-414E-8328-442960EDA9A5}.Debug|Any CPU.ActiveCfg = Debug|Any CPU
		{1D8BDB76-4D12-414E-8328-442960EDA9A5}.Debug|Any CPU.Build.0 = Debug|Any CPU
		{1D8BDB76-4D12-414E-8328-442960EDA9A5}.Release|Any CPU.ActiveCfg = Release|Any CPU
		{1D8BDB76-4D12-414E-8328-442960EDA9A5}.Release|Any CPU.Build.0 = Release|Any CPU
		{11B527C7-094C-4867-B401-E2F0278349DC}.Debug|Any CPU.ActiveCfg = Debug|Any CPU
		{11B527C7-094C-4867-B401-E2F0278349DC}.Debug|Any CPU.Build.0 = Debug|Any CPU
		{11B527C7-094C-4867-B401-E2F0278349DC}.Release|Any CPU.ActiveCfg = Release|Any CPU
		{11B527C7-094C-4867-B401-E2F0278349DC}.Release|Any CPU.Build.0 = Release|Any CPU
		{91262A75-D91E-4A8B-8231-F3D4BD309A87}.Debug|Any CPU.ActiveCfg = Debug|Any CPU
		{91262A75-D91E-4A8B-8231-F3D4BD309A87}.Debug|Any CPU.Build.0 = Debug|Any CPU
		{91262A75-D91E-4A8B-8231-F3D4BD309A87}.Release|Any CPU.ActiveCfg = Release|Any CPU
		{91262A75-D91E-4A8B-8231-F3D4BD309A87}.Release|Any CPU.Build.0 = Release|Any CPU
		{C7C0846A-0D7F-486E-8D15-D015AFE2AD30}.Debug|Any CPU.ActiveCfg = Debug|Any CPU
		{C7C0846A-0D7F-486E-8D15-D015AFE2AD30}.Debug|Any CPU.Build.0 = Debug|Any CPU
		{C7C0846A-0D7F-486E-8D15-D015AFE2AD30}.Release|Any CPU.ActiveCfg = Release|Any CPU
		{C7C0846A-0D7F-486E-8D15-D015AFE2AD30}.Release|Any CPU.Build.0 = Release|Any CPU
		{FB77BCDC-B3A1-4309-A019-F3648388023A}.Debug|Any CPU.ActiveCfg = Debug|Any CPU
		{FB77BCDC-B3A1-4309-A019-F3648388023A}.Debug|Any CPU.Build.0 = Debug|Any CPU
		{FB77BCDC-B3A1-4309-A019-F3648388023A}.Release|Any CPU.ActiveCfg = Release|Any CPU
		{FB77BCDC-B3A1-4309-A019-F3648388023A}.Release|Any CPU.Build.0 = Release|Any CPU
		{72511AEB-C578-4331-A169-9281C9D58FEA}.Debug|Any CPU.ActiveCfg = Debug|Any CPU
		{72511AEB-C578-4331-A169-9281C9D58FEA}.Debug|Any CPU.Build.0 = Debug|Any CPU
		{72511AEB-C578-4331-A169-9281C9D58FEA}.Release|Any CPU.ActiveCfg = Release|Any CPU
		{72511AEB-C578-4331-A169-9281C9D58FEA}.Release|Any CPU.Build.0 = Release|Any CPU
		{1769AA04-09A1-4678-9327-82819D05E09D}.Debug|Any CPU.ActiveCfg = Debug|Any CPU
		{1769AA04-09A1-4678-9327-82819D05E09D}.Debug|Any CPU.Build.0 = Debug|Any CPU
		{1769AA04-09A1-4678-9327-82819D05E09D}.Release|Any CPU.ActiveCfg = Release|Any CPU
		{1769AA04-09A1-4678-9327-82819D05E09D}.Release|Any CPU.Build.0 = Release|Any CPU
		{194EBFC0-E270-416E-99B5-68FCDC00302D}.Debug|Any CPU.ActiveCfg = Debug|Any CPU
		{194EBFC0-E270-416E-99B5-68FCDC00302D}.Debug|Any CPU.Build.0 = Debug|Any CPU
		{194EBFC0-E270-416E-99B5-68FCDC00302D}.Release|Any CPU.ActiveCfg = Release|Any CPU
		{194EBFC0-E270-416E-99B5-68FCDC00302D}.Release|Any CPU.Build.0 = Release|Any CPU
		{4D551671-2B6B-4C19-A20D-F20637D2940E}.Debug|Any CPU.ActiveCfg = Debug|Any CPU
		{4D551671-2B6B-4C19-A20D-F20637D2940E}.Debug|Any CPU.Build.0 = Debug|Any CPU
		{4D551671-2B6B-4C19-A20D-F20637D2940E}.Release|Any CPU.ActiveCfg = Release|Any CPU
		{4D551671-2B6B-4C19-A20D-F20637D2940E}.Release|Any CPU.Build.0 = Release|Any CPU
		{43821371-D2CA-484E-BC45-9F8ACD91AECE}.Debug|Any CPU.ActiveCfg = Debug|Any CPU
		{43821371-D2CA-484E-BC45-9F8ACD91AECE}.Debug|Any CPU.Build.0 = Debug|Any CPU
		{43821371-D2CA-484E-BC45-9F8ACD91AECE}.Release|Any CPU.ActiveCfg = Release|Any CPU
		{43821371-D2CA-484E-BC45-9F8ACD91AECE}.Release|Any CPU.Build.0 = Release|Any CPU
		{9D35E4C7-F4F0-4E18-A4BC-5613785EFCC9}.Debug|Any CPU.ActiveCfg = Debug|Any CPU
		{9D35E4C7-F4F0-4E18-A4BC-5613785EFCC9}.Debug|Any CPU.Build.0 = Debug|Any CPU
		{9D35E4C7-F4F0-4E18-A4BC-5613785EFCC9}.Release|Any CPU.ActiveCfg = Release|Any CPU
		{9D35E4C7-F4F0-4E18-A4BC-5613785EFCC9}.Release|Any CPU.Build.0 = Release|Any CPU
		{8391B180-B475-4A13-AF73-94DB34B383C5}.Debug|Any CPU.ActiveCfg = Debug|Any CPU
		{8391B180-B475-4A13-AF73-94DB34B383C5}.Debug|Any CPU.Build.0 = Debug|Any CPU
		{8391B180-B475-4A13-AF73-94DB34B383C5}.Release|Any CPU.ActiveCfg = Release|Any CPU
		{8391B180-B475-4A13-AF73-94DB34B383C5}.Release|Any CPU.Build.0 = Release|Any CPU
		{1B909803-4F0A-478A-83ED-2E4D67A94EDC}.Debug|Any CPU.ActiveCfg = Debug|Any CPU
		{1B909803-4F0A-478A-83ED-2E4D67A94EDC}.Debug|Any CPU.Build.0 = Debug|Any CPU
		{1B909803-4F0A-478A-83ED-2E4D67A94EDC}.Release|Any CPU.ActiveCfg = Release|Any CPU
		{1B909803-4F0A-478A-83ED-2E4D67A94EDC}.Release|Any CPU.Build.0 = Release|Any CPU
		{A1F07FF1-0875-40D0-A0C0-C4631EC77EAC}.Debug|Any CPU.ActiveCfg = Debug|Any CPU
		{A1F07FF1-0875-40D0-A0C0-C4631EC77EAC}.Debug|Any CPU.Build.0 = Debug|Any CPU
		{A1F07FF1-0875-40D0-A0C0-C4631EC77EAC}.Release|Any CPU.ActiveCfg = Release|Any CPU
		{A1F07FF1-0875-40D0-A0C0-C4631EC77EAC}.Release|Any CPU.Build.0 = Release|Any CPU
		{C5779EFE-F857-439A-8C21-5E24579D85E4}.Debug|Any CPU.ActiveCfg = Debug|Any CPU
		{C5779EFE-F857-439A-8C21-5E24579D85E4}.Debug|Any CPU.Build.0 = Debug|Any CPU
		{C5779EFE-F857-439A-8C21-5E24579D85E4}.Release|Any CPU.ActiveCfg = Release|Any CPU
		{C5779EFE-F857-439A-8C21-5E24579D85E4}.Release|Any CPU.Build.0 = Release|Any CPU
		{51012CDA-6E62-4994-A9AA-3E3D86CA4891}.Debug|Any CPU.ActiveCfg = Debug|Any CPU
		{51012CDA-6E62-4994-A9AA-3E3D86CA4891}.Debug|Any CPU.Build.0 = Debug|Any CPU
		{51012CDA-6E62-4994-A9AA-3E3D86CA4891}.Release|Any CPU.ActiveCfg = Release|Any CPU
		{51012CDA-6E62-4994-A9AA-3E3D86CA4891}.Release|Any CPU.Build.0 = Release|Any CPU
		{46D15AAD-0F87-4885-8A8F-B810DC61005F}.Debug|Any CPU.ActiveCfg = Debug|Any CPU
		{46D15AAD-0F87-4885-8A8F-B810DC61005F}.Debug|Any CPU.Build.0 = Debug|Any CPU
		{46D15AAD-0F87-4885-8A8F-B810DC61005F}.Release|Any CPU.ActiveCfg = Release|Any CPU
		{46D15AAD-0F87-4885-8A8F-B810DC61005F}.Release|Any CPU.Build.0 = Release|Any CPU
		{8019F669-CD11-4B47-BF55-103CCD306578}.Debug|Any CPU.ActiveCfg = Debug|Any CPU
		{8019F669-CD11-4B47-BF55-103CCD306578}.Debug|Any CPU.Build.0 = Debug|Any CPU
		{8019F669-CD11-4B47-BF55-103CCD306578}.Release|Any CPU.ActiveCfg = Release|Any CPU
		{8019F669-CD11-4B47-BF55-103CCD306578}.Release|Any CPU.Build.0 = Release|Any CPU
		{AF65F6FC-012B-4358-857C-53A4DC6CCC39}.Debug|Any CPU.ActiveCfg = Debug|Any CPU
		{AF65F6FC-012B-4358-857C-53A4DC6CCC39}.Debug|Any CPU.Build.0 = Debug|Any CPU
		{AF65F6FC-012B-4358-857C-53A4DC6CCC39}.Release|Any CPU.ActiveCfg = Release|Any CPU
		{AF65F6FC-012B-4358-857C-53A4DC6CCC39}.Release|Any CPU.Build.0 = Release|Any CPU
		{011BCC65-EEF1-453F-B12C-3864D8B63CEB}.Debug|Any CPU.ActiveCfg = Debug|Any CPU
		{011BCC65-EEF1-453F-B12C-3864D8B63CEB}.Debug|Any CPU.Build.0 = Debug|Any CPU
		{011BCC65-EEF1-453F-B12C-3864D8B63CEB}.Release|Any CPU.ActiveCfg = Release|Any CPU
		{011BCC65-EEF1-453F-B12C-3864D8B63CEB}.Release|Any CPU.Build.0 = Release|Any CPU
		{9028CF04-BFBD-45F9-B857-46CCD7C8367B}.Debug|Any CPU.ActiveCfg = Debug|Any CPU
		{9028CF04-BFBD-45F9-B857-46CCD7C8367B}.Debug|Any CPU.Build.0 = Debug|Any CPU
		{9028CF04-BFBD-45F9-B857-46CCD7C8367B}.Release|Any CPU.ActiveCfg = Release|Any CPU
		{9028CF04-BFBD-45F9-B857-46CCD7C8367B}.Release|Any CPU.Build.0 = Release|Any CPU
		{A5627D79-8EDC-48E5-B532-2EE8C665460A}.Debug|Any CPU.ActiveCfg = Debug|Any CPU
		{A5627D79-8EDC-48E5-B532-2EE8C665460A}.Debug|Any CPU.Build.0 = Debug|Any CPU
		{A5627D79-8EDC-48E5-B532-2EE8C665460A}.Release|Any CPU.ActiveCfg = Release|Any CPU
		{A5627D79-8EDC-48E5-B532-2EE8C665460A}.Release|Any CPU.Build.0 = Release|Any CPU
		{FC19CB55-9F6C-4B7A-A4D3-9A2DB0045254}.Debug|Any CPU.ActiveCfg = Debug|Any CPU
		{FC19CB55-9F6C-4B7A-A4D3-9A2DB0045254}.Debug|Any CPU.Build.0 = Debug|Any CPU
		{FC19CB55-9F6C-4B7A-A4D3-9A2DB0045254}.Release|Any CPU.ActiveCfg = Release|Any CPU
		{FC19CB55-9F6C-4B7A-A4D3-9A2DB0045254}.Release|Any CPU.Build.0 = Release|Any CPU
		{4F8A0451-D4F1-4D6A-92F8-9300EC177E82}.Debug|Any CPU.ActiveCfg = Debug|Any CPU
		{4F8A0451-D4F1-4D6A-92F8-9300EC177E82}.Debug|Any CPU.Build.0 = Debug|Any CPU
		{4F8A0451-D4F1-4D6A-92F8-9300EC177E82}.Release|Any CPU.ActiveCfg = Release|Any CPU
		{4F8A0451-D4F1-4D6A-92F8-9300EC177E82}.Release|Any CPU.Build.0 = Release|Any CPU
		{9F88CD47-CD33-471B-B766-6BEC82758452}.Debug|Any CPU.ActiveCfg = Debug|Any CPU
		{9F88CD47-CD33-471B-B766-6BEC82758452}.Debug|Any CPU.Build.0 = Debug|Any CPU
		{9F88CD47-CD33-471B-B766-6BEC82758452}.Release|Any CPU.ActiveCfg = Release|Any CPU
		{9F88CD47-CD33-471B-B766-6BEC82758452}.Release|Any CPU.Build.0 = Release|Any CPU
		{0837E3C1-6E56-4BBB-8FF7-B4BE2BD8AA9D}.Debug|Any CPU.ActiveCfg = Debug|Any CPU
		{0837E3C1-6E56-4BBB-8FF7-B4BE2BD8AA9D}.Debug|Any CPU.Build.0 = Debug|Any CPU
		{0837E3C1-6E56-4BBB-8FF7-B4BE2BD8AA9D}.Release|Any CPU.ActiveCfg = Release|Any CPU
		{0837E3C1-6E56-4BBB-8FF7-B4BE2BD8AA9D}.Release|Any CPU.Build.0 = Release|Any CPU
		{4F968B85-3C7E-4D30-865A-6A1A754D4F2C}.Debug|Any CPU.ActiveCfg = Debug|Any CPU
		{4F968B85-3C7E-4D30-865A-6A1A754D4F2C}.Debug|Any CPU.Build.0 = Debug|Any CPU
		{4F968B85-3C7E-4D30-865A-6A1A754D4F2C}.Release|Any CPU.ActiveCfg = Release|Any CPU
		{4F968B85-3C7E-4D30-865A-6A1A754D4F2C}.Release|Any CPU.Build.0 = Release|Any CPU
		{AB654501-C991-48EE-BA0E-A099F565C921}.Debug|Any CPU.ActiveCfg = Debug|Any CPU
		{AB654501-C991-48EE-BA0E-A099F565C921}.Debug|Any CPU.Build.0 = Debug|Any CPU
		{AB654501-C991-48EE-BA0E-A099F565C921}.Release|Any CPU.ActiveCfg = Release|Any CPU
		{AB654501-C991-48EE-BA0E-A099F565C921}.Release|Any CPU.Build.0 = Release|Any CPU
		{EEAD24AE-8C6F-4D43-B368-E6E3104921FD}.Debug|Any CPU.ActiveCfg = Debug|Any CPU
		{EEAD24AE-8C6F-4D43-B368-E6E3104921FD}.Debug|Any CPU.Build.0 = Debug|Any CPU
		{EEAD24AE-8C6F-4D43-B368-E6E3104921FD}.Release|Any CPU.ActiveCfg = Release|Any CPU
		{EEAD24AE-8C6F-4D43-B368-E6E3104921FD}.Release|Any CPU.Build.0 = Release|Any CPU
		{372FC253-6EC2-42B3-9677-BEB2CE486552}.Debug|Any CPU.ActiveCfg = Debug|Any CPU
		{372FC253-6EC2-42B3-9677-BEB2CE486552}.Debug|Any CPU.Build.0 = Debug|Any CPU
		{372FC253-6EC2-42B3-9677-BEB2CE486552}.Release|Any CPU.ActiveCfg = Release|Any CPU
		{372FC253-6EC2-42B3-9677-BEB2CE486552}.Release|Any CPU.Build.0 = Release|Any CPU
		{28ECDF92-041D-42FE-8FD4-4E7AE1BCB6E3}.Debug|Any CPU.ActiveCfg = Debug|Any CPU
		{28ECDF92-041D-42FE-8FD4-4E7AE1BCB6E3}.Debug|Any CPU.Build.0 = Debug|Any CPU
		{28ECDF92-041D-42FE-8FD4-4E7AE1BCB6E3}.Release|Any CPU.ActiveCfg = Release|Any CPU
		{28ECDF92-041D-42FE-8FD4-4E7AE1BCB6E3}.Release|Any CPU.Build.0 = Release|Any CPU
		{7C5EA4A8-0410-4D27-AA44-1EC9703347DE}.Debug|Any CPU.ActiveCfg = Debug|Any CPU
		{7C5EA4A8-0410-4D27-AA44-1EC9703347DE}.Debug|Any CPU.Build.0 = Debug|Any CPU
		{7C5EA4A8-0410-4D27-AA44-1EC9703347DE}.Release|Any CPU.ActiveCfg = Release|Any CPU
		{7C5EA4A8-0410-4D27-AA44-1EC9703347DE}.Release|Any CPU.Build.0 = Release|Any CPU
		{57547623-E7F5-4DFE-A9C4-30383FC3A2CD}.Debug|Any CPU.ActiveCfg = Debug|Any CPU
		{57547623-E7F5-4DFE-A9C4-30383FC3A2CD}.Debug|Any CPU.Build.0 = Debug|Any CPU
		{57547623-E7F5-4DFE-A9C4-30383FC3A2CD}.Release|Any CPU.ActiveCfg = Release|Any CPU
		{57547623-E7F5-4DFE-A9C4-30383FC3A2CD}.Release|Any CPU.Build.0 = Release|Any CPU
		{869D6A60-8CA8-41A9-A16D-56294080AE1D}.Debug|Any CPU.ActiveCfg = Debug|Any CPU
		{869D6A60-8CA8-41A9-A16D-56294080AE1D}.Debug|Any CPU.Build.0 = Debug|Any CPU
		{869D6A60-8CA8-41A9-A16D-56294080AE1D}.Release|Any CPU.ActiveCfg = Release|Any CPU
		{869D6A60-8CA8-41A9-A16D-56294080AE1D}.Release|Any CPU.Build.0 = Release|Any CPU
		{EB923259-DE6B-40F6-A898-CCE10424651D}.Debug|Any CPU.ActiveCfg = Debug|Any CPU
		{EB923259-DE6B-40F6-A898-CCE10424651D}.Debug|Any CPU.Build.0 = Debug|Any CPU
		{EB923259-DE6B-40F6-A898-CCE10424651D}.Release|Any CPU.ActiveCfg = Release|Any CPU
		{EB923259-DE6B-40F6-A898-CCE10424651D}.Release|Any CPU.Build.0 = Release|Any CPU
		{55F69D56-1532-42F8-9696-BDD2E06960D4}.Debug|Any CPU.ActiveCfg = Debug|Any CPU
		{55F69D56-1532-42F8-9696-BDD2E06960D4}.Debug|Any CPU.Build.0 = Debug|Any CPU
		{55F69D56-1532-42F8-9696-BDD2E06960D4}.Release|Any CPU.ActiveCfg = Release|Any CPU
		{55F69D56-1532-42F8-9696-BDD2E06960D4}.Release|Any CPU.Build.0 = Release|Any CPU
		{9CE8AA5E-B38C-4BA4-8142-01227F4F4146}.Debug|Any CPU.ActiveCfg = Debug|Any CPU
		{9CE8AA5E-B38C-4BA4-8142-01227F4F4146}.Debug|Any CPU.Build.0 = Debug|Any CPU
		{9CE8AA5E-B38C-4BA4-8142-01227F4F4146}.Release|Any CPU.ActiveCfg = Release|Any CPU
		{9CE8AA5E-B38C-4BA4-8142-01227F4F4146}.Release|Any CPU.Build.0 = Release|Any CPU
		{96A577EE-3600-4097-82A9-F7A268599CE3}.Debug|Any CPU.ActiveCfg = Debug|Any CPU
		{96A577EE-3600-4097-82A9-F7A268599CE3}.Debug|Any CPU.Build.0 = Debug|Any CPU
		{96A577EE-3600-4097-82A9-F7A268599CE3}.Release|Any CPU.ActiveCfg = Release|Any CPU
		{96A577EE-3600-4097-82A9-F7A268599CE3}.Release|Any CPU.Build.0 = Release|Any CPU
		{FD61C502-1F3B-44B8-8C6B-B4BCB6E5E11D}.Debug|Any CPU.ActiveCfg = Debug|Any CPU
		{FD61C502-1F3B-44B8-8C6B-B4BCB6E5E11D}.Debug|Any CPU.Build.0 = Debug|Any CPU
		{FD61C502-1F3B-44B8-8C6B-B4BCB6E5E11D}.Release|Any CPU.ActiveCfg = Release|Any CPU
		{FD61C502-1F3B-44B8-8C6B-B4BCB6E5E11D}.Release|Any CPU.Build.0 = Release|Any CPU
		{F1FB7022-CA89-47CE-8912-EBA010EEED61}.Debug|Any CPU.ActiveCfg = Debug|Any CPU
		{F1FB7022-CA89-47CE-8912-EBA010EEED61}.Debug|Any CPU.Build.0 = Debug|Any CPU
		{F1FB7022-CA89-47CE-8912-EBA010EEED61}.Release|Any CPU.ActiveCfg = Release|Any CPU
		{F1FB7022-CA89-47CE-8912-EBA010EEED61}.Release|Any CPU.Build.0 = Release|Any CPU
	EndGlobalSection
	GlobalSection(SolutionProperties) = preSolution
		HideSolutionNode = FALSE
	EndGlobalSection
	GlobalSection(NestedProjects) = preSolution
		{1B485246-D84E-472F-8FCD-3EFD430EC512} = {73E94E56-E3CD-4262-8294-8EFBFB185C00}
		{B4A5E89A-7E79-44CD-AF37-2EE53B43DF11} = {73E94E56-E3CD-4262-8294-8EFBFB185C00}
		{F8784D02-46B7-42B1-9F2B-95C0208EC705} = {73E94E56-E3CD-4262-8294-8EFBFB185C00}
		{8619670A-3B2A-4796-A60D-20CA0848F58C} = {73E94E56-E3CD-4262-8294-8EFBFB185C00}
		{3BB1AA65-5E3C-473E-B13D-F8F76353E681} = {BFA4B406-2319-42D5-AE5D-C7B7E22E2E1E}
		{9DFC9396-2F33-4D33-86FB-6FA5066F87B6} = {BFA4B406-2319-42D5-AE5D-C7B7E22E2E1E}
		{082A1D31-F23B-4BA0-BF40-30457DC10F7D} = {BFA4B406-2319-42D5-AE5D-C7B7E22E2E1E}
		{46EC2855-C417-459D-A7F8-2D4362B026FE} = {BFA4B406-2319-42D5-AE5D-C7B7E22E2E1E}
		{7C91D3F1-C9AB-468D-8622-589BD019B5BD} = {BFA4B406-2319-42D5-AE5D-C7B7E22E2E1E}
		{CE8D43D3-EA88-4F12-8015-E6C403A21C21} = {BFA4B406-2319-42D5-AE5D-C7B7E22E2E1E}
		{129F3E93-776A-49DD-8B74-326339692FC1} = {BFA4B406-2319-42D5-AE5D-C7B7E22E2E1E}
		{81BE155C-8136-4874-8818-B52F1348FA92} = {BFA4B406-2319-42D5-AE5D-C7B7E22E2E1E}
		{DD48F80E-045B-446A-A2E3-9FAF20F7FBEB} = {BFA4B406-2319-42D5-AE5D-C7B7E22E2E1E}
		{55192322-2A76-4B37-8AD2-A404122497ED} = {BFA4B406-2319-42D5-AE5D-C7B7E22E2E1E}
		{28E53FC6-1520-40FA-85F2-E59429CDCBDE} = {765D76FD-19F6-4820-A824-E3BF8C6C3E94}
		{8C5920B5-B14F-416D-BBB8-7C1E8945DFB6} = {765D76FD-19F6-4820-A824-E3BF8C6C3E94}
		{BC2D5869-C6BF-46E4-8844-AC7686F3F8CC} = {765D76FD-19F6-4820-A824-E3BF8C6C3E94}
		{370BDB74-2DC1-483F-AAFE-877324411CF2} = {765D76FD-19F6-4820-A824-E3BF8C6C3E94}
		{0306CDDE-58A9-494A-9B86-6818791514BE} = {765D76FD-19F6-4820-A824-E3BF8C6C3E94}
		{AC80A881-7F69-4C28-8BC9-53B4B1EB933B} = {765D76FD-19F6-4820-A824-E3BF8C6C3E94}
		{C43957BF-A3A1-426F-9B1C-D2DA3502F35C} = {765D76FD-19F6-4820-A824-E3BF8C6C3E94}
		{1D8BDB76-4D12-414E-8328-442960EDA9A5} = {765D76FD-19F6-4820-A824-E3BF8C6C3E94}
		{11B527C7-094C-4867-B401-E2F0278349DC} = {765D76FD-19F6-4820-A824-E3BF8C6C3E94}
		{91262A75-D91E-4A8B-8231-F3D4BD309A87} = {765D76FD-19F6-4820-A824-E3BF8C6C3E94}
		{C7C0846A-0D7F-486E-8D15-D015AFE2AD30} = {55DD5030-C5CC-439E-B10B-AF3B262ADE53}
		{FB77BCDC-B3A1-4309-A019-F3648388023A} = {55DD5030-C5CC-439E-B10B-AF3B262ADE53}
		{72511AEB-C578-4331-A169-9281C9D58FEA} = {55DD5030-C5CC-439E-B10B-AF3B262ADE53}
		{1769AA04-09A1-4678-9327-82819D05E09D} = {55DD5030-C5CC-439E-B10B-AF3B262ADE53}
		{194EBFC0-E270-416E-99B5-68FCDC00302D} = {55DD5030-C5CC-439E-B10B-AF3B262ADE53}
		{4D551671-2B6B-4C19-A20D-F20637D2940E} = {55DD5030-C5CC-439E-B10B-AF3B262ADE53}
		{43821371-D2CA-484E-BC45-9F8ACD91AECE} = {55DD5030-C5CC-439E-B10B-AF3B262ADE53}
		{9D35E4C7-F4F0-4E18-A4BC-5613785EFCC9} = {55DD5030-C5CC-439E-B10B-AF3B262ADE53}
		{8391B180-B475-4A13-AF73-94DB34B383C5} = {55DD5030-C5CC-439E-B10B-AF3B262ADE53}
		{1B909803-4F0A-478A-83ED-2E4D67A94EDC} = {55DD5030-C5CC-439E-B10B-AF3B262ADE53}
		{A1F07FF1-0875-40D0-A0C0-C4631EC77EAC} = {4936393E-FB79-48D8-BE76-524E8DDFD63F}
		{C5779EFE-F857-439A-8C21-5E24579D85E4} = {4936393E-FB79-48D8-BE76-524E8DDFD63F}
		{51012CDA-6E62-4994-A9AA-3E3D86CA4891} = {4936393E-FB79-48D8-BE76-524E8DDFD63F}
		{46D15AAD-0F87-4885-8A8F-B810DC61005F} = {4936393E-FB79-48D8-BE76-524E8DDFD63F}
		{8019F669-CD11-4B47-BF55-103CCD306578} = {4936393E-FB79-48D8-BE76-524E8DDFD63F}
		{AF65F6FC-012B-4358-857C-53A4DC6CCC39} = {4936393E-FB79-48D8-BE76-524E8DDFD63F}
		{011BCC65-EEF1-453F-B12C-3864D8B63CEB} = {4936393E-FB79-48D8-BE76-524E8DDFD63F}
		{9028CF04-BFBD-45F9-B857-46CCD7C8367B} = {4936393E-FB79-48D8-BE76-524E8DDFD63F}
		{A5627D79-8EDC-48E5-B532-2EE8C665460A} = {4936393E-FB79-48D8-BE76-524E8DDFD63F}
		{FC19CB55-9F6C-4B7A-A4D3-9A2DB0045254} = {F4DCE452-C3FD-49E3-85F0-77942CE8798C}
		{4F8A0451-D4F1-4D6A-92F8-9300EC177E82} = {F4DCE452-C3FD-49E3-85F0-77942CE8798C}
		{9F88CD47-CD33-471B-B766-6BEC82758452} = {F4DCE452-C3FD-49E3-85F0-77942CE8798C}
		{0837E3C1-6E56-4BBB-8FF7-B4BE2BD8AA9D} = {F4DCE452-C3FD-49E3-85F0-77942CE8798C}
		{4F968B85-3C7E-4D30-865A-6A1A754D4F2C} = {F4DCE452-C3FD-49E3-85F0-77942CE8798C}
		{AB654501-C991-48EE-BA0E-A099F565C921} = {F4DCE452-C3FD-49E3-85F0-77942CE8798C}
		{EEAD24AE-8C6F-4D43-B368-E6E3104921FD} = {F4DCE452-C3FD-49E3-85F0-77942CE8798C}
		{372FC253-6EC2-42B3-9677-BEB2CE486552} = {F4DCE452-C3FD-49E3-85F0-77942CE8798C}
		{28ECDF92-041D-42FE-8FD4-4E7AE1BCB6E3} = {B3EEFFCB-4DCB-414A-AB65-3C20D20078C3}
		{7C5EA4A8-0410-4D27-AA44-1EC9703347DE} = {B3EEFFCB-4DCB-414A-AB65-3C20D20078C3}
		{57547623-E7F5-4DFE-A9C4-30383FC3A2CD} = {B3EEFFCB-4DCB-414A-AB65-3C20D20078C3}
		{869D6A60-8CA8-41A9-A16D-56294080AE1D} = {B3EEFFCB-4DCB-414A-AB65-3C20D20078C3}
		{EB923259-DE6B-40F6-A898-CCE10424651D} = {B3EEFFCB-4DCB-414A-AB65-3C20D20078C3}
		{55F69D56-1532-42F8-9696-BDD2E06960D4} = {B3EEFFCB-4DCB-414A-AB65-3C20D20078C3}
		{9CE8AA5E-B38C-4BA4-8142-01227F4F4146} = {B3EEFFCB-4DCB-414A-AB65-3C20D20078C3}
		{96A577EE-3600-4097-82A9-F7A268599CE3} = {B3EEFFCB-4DCB-414A-AB65-3C20D20078C3}
		{FD61C502-1F3B-44B8-8C6B-B4BCB6E5E11D} = {B3EEFFCB-4DCB-414A-AB65-3C20D20078C3}
		{F1FB7022-CA89-47CE-8912-EBA010EEED61} = {B3EEFFCB-4DCB-414A-AB65-3C20D20078C3}
	EndGlobalSection
	GlobalSection(ExtensibilityGlobals) = postSolution
		SolutionGuid = {4101653B-8B11-4AF7-AD9D-4F62ACB73CE9}
	EndGlobalSection
EndGlobal
