
Microsoft Visual Studio Solution File, Format Version 12.00
# Visual Studio Version 17
VisualStudioVersion = 17.5.002.0
MinimumVisualStudioVersion = 10.0.40219.1
Project("{9A19103F-16F7-4668-BE54-9A1E7A4F7556}") = "soru10", "soru10.csproj", "{71C0FD67-1108-4054-A538-90A9AA1C3160}"
EndProject
Global
	GlobalSection(SolutionConfigurationPlatforms) = preSolution
		Debug|Any CPU = Debug|Any CPU
		Release|Any CPU = Release|Any CPU
	EndGlobalSection
	GlobalSection(ProjectConfigurationPlatforms) = postSolution
		{71C0FD67-1108-4054-A538-90A9AA1C3160}.Debug|Any CPU.ActiveCfg = Debug|Any CPU
		{71C0FD67-1108-4054-A538-90A9AA1C3160}.Debug|Any CPU.Build.0 = Debug|Any CPU
		{71C0FD67-1108-4054-A538-90A9AA1C3160}.Release|Any CPU.ActiveCfg = Release|Any CPU
		{71C0FD67-1108-4054-A538-90A9AA1C3160}.Release|Any CPU.Build.0 = Release|Any CPU
	EndGlobalSection
	GlobalSection(SolutionProperties) = preSolution
		HideSolutionNode = FALSE
	EndGlobalSection
	GlobalSection(ExtensibilityGlobals) = postSolution
		SolutionGuid = {F00C5EF8-D029-45D2-BC88-5BE18C376D79}
	EndGlobalSection
EndGlobal
