
Microsoft Visual Studio Solution File, Format Version 12.00
# Visual Studio Version 17
VisualStudioVersion = 17.5.002.0
MinimumVisualStudioVersion = 10.0.40219.1
Project("{9A19103F-16F7-4668-BE54-9A1E7A4F7556}") = "soru4", "soru4.csproj", "{9E147C17-074D-4EA9-89EE-48561D87E811}"
EndProject
Global
	GlobalSection(SolutionConfigurationPlatforms) = preSolution
		Debug|Any CPU = Debug|Any CPU
		Release|Any CPU = Release|Any CPU
	EndGlobalSection
	GlobalSection(ProjectConfigurationPlatforms) = postSolution
		{9E147C17-074D-4EA9-89EE-48561D87E811}.Debug|Any CPU.ActiveCfg = Debug|Any CPU
		{9E147C17-074D-4EA9-89EE-48561D87E811}.Debug|Any CPU.Build.0 = Debug|Any CPU
		{9E147C17-074D-4EA9-89EE-48561D87E811}.Release|Any CPU.ActiveCfg = Release|Any CPU
		{9E147C17-074D-4EA9-89EE-48561D87E811}.Release|Any CPU.Build.0 = Release|Any CPU
	EndGlobalSection
	GlobalSection(SolutionProperties) = preSolution
		HideSolutionNode = FALSE
	EndGlobalSection
	GlobalSection(ExtensibilityGlobals) = postSolution
		SolutionGuid = {E9D246CE-7DA3-46CC-B4A5-EAE62AE5C061}
	EndGlobalSection
EndGlobal
