
Microsoft Visual Studio Solution File, Format Version 12.00
# Visual Studio Version 17
VisualStudioVersion = 17.5.002.0
MinimumVisualStudioVersion = 10.0.40219.1
Project("{9A19103F-16F7-4668-BE54-9A1E7A4F7556}") = "soru7", "soru7.csproj", "{012BC8DE-3F94-4004-94AA-865586744D9B}"
EndProject
Global
	GlobalSection(SolutionConfigurationPlatforms) = preSolution
		Debug|Any CPU = Debug|Any CPU
		Release|Any CPU = Release|Any CPU
	EndGlobalSection
	GlobalSection(ProjectConfigurationPlatforms) = postSolution
		{012BC8DE-3F94-4004-94AA-865586744D9B}.Debug|Any CPU.ActiveCfg = Debug|Any CPU
		{012BC8DE-3F94-4004-94AA-865586744D9B}.Debug|Any CPU.Build.0 = Debug|Any CPU
		{012BC8DE-3F94-4004-94AA-865586744D9B}.Release|Any CPU.ActiveCfg = Release|Any CPU
		{012BC8DE-3F94-4004-94AA-865586744D9B}.Release|Any CPU.Build.0 = Release|Any CPU
	EndGlobalSection
	GlobalSection(SolutionProperties) = preSolution
		HideSolutionNode = FALSE
	EndGlobalSection
	GlobalSection(ExtensibilityGlobals) = postSolution
		SolutionGuid = {EB2EFFB3-8952-41BC-BCA8-A6C3C6DCE08A}
	EndGlobalSection
EndGlobal
