
Microsoft Visual Studio Solution File, Format Version 12.00
# Visual Studio Version 17
VisualStudioVersion = 17.5.002.0
MinimumVisualStudioVersion = 10.0.40219.1
Project("{9A19103F-16F7-4668-BE54-9A1E7A4F7556}") = "soru2", "soru2.csproj", "{FD91F376-CE52-4DD2-9359-04235CA6F33D}"
EndProject
Global
	GlobalSection(SolutionConfigurationPlatforms) = preSolution
		Debug|Any CPU = Debug|Any CPU
		Release|Any CPU = Release|Any CPU
	EndGlobalSection
	GlobalSection(ProjectConfigurationPlatforms) = postSolution
		{FD91F376-CE52-4DD2-9359-04235CA6F33D}.Debug|Any CPU.ActiveCfg = Debug|Any CPU
		{FD91F376-CE52-4DD2-9359-04235CA6F33D}.Debug|Any CPU.Build.0 = Debug|Any CPU
		{FD91F376-CE52-4DD2-9359-04235CA6F33D}.Release|Any CPU.ActiveCfg = Release|Any CPU
		{FD91F376-CE52-4DD2-9359-04235CA6F33D}.Release|Any CPU.Build.0 = Release|Any CPU
	EndGlobalSection
	GlobalSection(SolutionProperties) = preSolution
		HideSolutionNode = FALSE
	EndGlobalSection
	GlobalSection(ExtensibilityGlobals) = postSolution
		SolutionGuid = {EE833B4C-F4D1-414D-B766-0B139D5FDBC7}
	EndGlobalSection
EndGlobal
