
Microsoft Visual Studio Solution File, Format Version 12.00
# Visual Studio Version 17
VisualStudioVersion = 17.5.002.0
MinimumVisualStudioVersion = 10.0.40219.1
Project("{9A19103F-16F7-4668-BE54-9A1E7A4F7556}") = "soru3", "soru3.csproj", "{2156E011-BE99-4C86-B8F5-10292D152CD3}"
EndProject
Global
	GlobalSection(SolutionConfigurationPlatforms) = preSolution
		Debug|Any CPU = Debug|Any CPU
		Release|Any CPU = Release|Any CPU
	EndGlobalSection
	GlobalSection(ProjectConfigurationPlatforms) = postSolution
		{2156E011-BE99-4C86-B8F5-10292D152CD3}.Debug|Any CPU.ActiveCfg = Debug|Any CPU
		{2156E011-BE99-4C86-B8F5-10292D152CD3}.Debug|Any CPU.Build.0 = Debug|Any CPU
		{2156E011-BE99-4C86-B8F5-10292D152CD3}.Release|Any CPU.ActiveCfg = Release|Any CPU
		{2156E011-BE99-4C86-B8F5-10292D152CD3}.Release|Any CPU.Build.0 = Release|Any CPU
	EndGlobalSection
	GlobalSection(SolutionProperties) = preSolution
		HideSolutionNode = FALSE
	EndGlobalSection
	GlobalSection(ExtensibilityGlobals) = postSolution
		SolutionGuid = {B229875A-9A3A-47BD-AD16-2C31C6E66E52}
	EndGlobalSection
EndGlobal
