
Microsoft Visual Studio Solution File, Format Version 12.00
# Visual Studio Version 17
VisualStudioVersion = 17.5.002.0
MinimumVisualStudioVersion = 10.0.40219.1
Project("{9A19103F-16F7-4668-BE54-9A1E7A4F7556}") = "soru4", "soru4.csproj", "{7D2A956E-9BF3-44C6-862B-11BD86B4CA17}"
EndProject
Global
	GlobalSection(SolutionConfigurationPlatforms) = preSolution
		Debug|Any CPU = Debug|Any CPU
		Release|Any CPU = Release|Any CPU
	EndGlobalSection
	GlobalSection(ProjectConfigurationPlatforms) = postSolution
		{7D2A956E-9BF3-44C6-862B-11BD86B4CA17}.Debug|Any CPU.ActiveCfg = Debug|Any CPU
		{7D2A956E-9BF3-44C6-862B-11BD86B4CA17}.Debug|Any CPU.Build.0 = Debug|Any CPU
		{7D2A956E-9BF3-44C6-862B-11BD86B4CA17}.Release|Any CPU.ActiveCfg = Release|Any CPU
		{7D2A956E-9BF3-44C6-862B-11BD86B4CA17}.Release|Any CPU.Build.0 = Release|Any CPU
	EndGlobalSection
	GlobalSection(SolutionProperties) = preSolution
		HideSolutionNode = FALSE
	EndGlobalSection
	GlobalSection(ExtensibilityGlobals) = postSolution
		SolutionGuid = {B423ECA9-E672-4E5A-B69A-5AD05AA173C4}
	EndGlobalSection
EndGlobal
