
Microsoft Visual Studio Solution File, Format Version 12.00
# Visual Studio Version 17
VisualStudioVersion = 17.5.002.0
MinimumVisualStudioVersion = 10.0.40219.1
Project("{9A19103F-16F7-4668-BE54-9A1E7A4F7556}") = "soru2", "soru2.csproj", "{1FF77ED8-ED08-42C8-A01A-EC8C33D1AC7A}"
EndProject
Global
	GlobalSection(SolutionConfigurationPlatforms) = preSolution
		Debug|Any CPU = Debug|Any CPU
		Release|Any CPU = Release|Any CPU
	EndGlobalSection
	GlobalSection(ProjectConfigurationPlatforms) = postSolution
		{1FF77ED8-ED08-42C8-A01A-EC8C33D1AC7A}.Debug|Any CPU.ActiveCfg = Debug|Any CPU
		{1FF77ED8-ED08-42C8-A01A-EC8C33D1AC7A}.Debug|Any CPU.Build.0 = Debug|Any CPU
		{1FF77ED8-ED08-42C8-A01A-EC8C33D1AC7A}.Release|Any CPU.ActiveCfg = Release|Any CPU
		{1FF77ED8-ED08-42C8-A01A-EC8C33D1AC7A}.Release|Any CPU.Build.0 = Release|Any CPU
	EndGlobalSection
	GlobalSection(SolutionProperties) = preSolution
		HideSolutionNode = FALSE
	EndGlobalSection
	GlobalSection(ExtensibilityGlobals) = postSolution
		SolutionGuid = {1E92BFB8-A905-4259-B588-CC38186066CB}
	EndGlobalSection
EndGlobal
