
Microsoft Visual Studio Solution File, Format Version 12.00
# Visual Studio Version 17
VisualStudioVersion = 17.5.002.0
MinimumVisualStudioVersion = 10.0.40219.1
Project("{9A19103F-16F7-4668-BE54-9A1E7A4F7556}") = "soru8", "soru8.csproj", "{5D02C592-1F7A-4D4D-8F87-91039DE69EEB}"
EndProject
Global
	GlobalSection(SolutionConfigurationPlatforms) = preSolution
		Debug|Any CPU = Debug|Any CPU
		Release|Any CPU = Release|Any CPU
	EndGlobalSection
	GlobalSection(ProjectConfigurationPlatforms) = postSolution
		{5D02C592-1F7A-4D4D-8F87-91039DE69EEB}.Debug|Any CPU.ActiveCfg = Debug|Any CPU
		{5D02C592-1F7A-4D4D-8F87-91039DE69EEB}.Debug|Any CPU.Build.0 = Debug|Any CPU
		{5D02C592-1F7A-4D4D-8F87-91039DE69EEB}.Release|Any CPU.ActiveCfg = Release|Any CPU
		{5D02C592-1F7A-4D4D-8F87-91039DE69EEB}.Release|Any CPU.Build.0 = Release|Any CPU
	EndGlobalSection
	GlobalSection(SolutionProperties) = preSolution
		HideSolutionNode = FALSE
	EndGlobalSection
	GlobalSection(ExtensibilityGlobals) = postSolution
		SolutionGuid = {126B1408-17FC-445C-8ACB-7C86648D584A}
	EndGlobalSection
EndGlobal
