
Microsoft Visual Studio Solution File, Format Version 12.00
# Visual Studio Version 17
VisualStudioVersion = 17.5.002.0
MinimumVisualStudioVersion = 10.0.40219.1
Project("{9A19103F-16F7-4668-BE54-9A1E7A4F7556}") = "soru6", "soru6.csproj", "{AFFE4195-36FB-4AE0-8A6C-1855FFC1B8CD}"
EndProject
Global
	GlobalSection(SolutionConfigurationPlatforms) = preSolution
		Debug|Any CPU = Debug|Any CPU
		Release|Any CPU = Release|Any CPU
	EndGlobalSection
	GlobalSection(ProjectConfigurationPlatforms) = postSolution
		{AFFE4195-36FB-4AE0-8A6C-1855FFC1B8CD}.Debug|Any CPU.ActiveCfg = Debug|Any CPU
		{AFFE4195-36FB-4AE0-8A6C-1855FFC1B8CD}.Debug|Any CPU.Build.0 = Debug|Any CPU
		{AFFE4195-36FB-4AE0-8A6C-1855FFC1B8CD}.Release|Any CPU.ActiveCfg = Release|Any CPU
		{AFFE4195-36FB-4AE0-8A6C-1855FFC1B8CD}.Release|Any CPU.Build.0 = Release|Any CPU
	EndGlobalSection
	GlobalSection(SolutionProperties) = preSolution
		HideSolutionNode = FALSE
	EndGlobalSection
	GlobalSection(ExtensibilityGlobals) = postSolution
		SolutionGuid = {66832B21-2135-45E8-B0A2-F6921551F032}
	EndGlobalSection
EndGlobal
