
Microsoft Visual Studio Solution File, Format Version 12.00
# Visual Studio Version 17
VisualStudioVersion = 17.5.002.0
MinimumVisualStudioVersion = 10.0.40219.1
Project("{9A19103F-16F7-4668-BE54-9A1E7A4F7556}") = "soru7", "soru7.csproj", "{A991D256-0D61-49EE-B8F4-09ADA5CE0D40}"
EndProject
Global
	GlobalSection(SolutionConfigurationPlatforms) = preSolution
		Debug|Any CPU = Debug|Any CPU
		Release|Any CPU = Release|Any CPU
	EndGlobalSection
	GlobalSection(ProjectConfigurationPlatforms) = postSolution
		{A991D256-0D61-49EE-B8F4-09ADA5CE0D40}.Debug|Any CPU.ActiveCfg = Debug|Any CPU
		{A991D256-0D61-49EE-B8F4-09ADA5CE0D40}.Debug|Any CPU.Build.0 = Debug|Any CPU
		{A991D256-0D61-49EE-B8F4-09ADA5CE0D40}.Release|Any CPU.ActiveCfg = Release|Any CPU
		{A991D256-0D61-49EE-B8F4-09ADA5CE0D40}.Release|Any CPU.Build.0 = Release|Any CPU
	EndGlobalSection
	GlobalSection(SolutionProperties) = preSolution
		HideSolutionNode = FALSE
	EndGlobalSection
	GlobalSection(ExtensibilityGlobals) = postSolution
		SolutionGuid = {2A4C634F-E9E7-4F2C-B432-586E21FFC3AE}
	EndGlobalSection
EndGlobal
